// !$*UTF8*$!
{
	archiveVersion = 1;
	classes = {
	};
	objectVersion = 46;
	objects = {

/* Begin PBXFileReference section */
		05B0BCD514C60C9200980173 /* LICENSE.md */ = {isa = PBXFileReference; fileEncoding = 4; lastKnownFileType = text; path = LICENSE.md; sourceTree = "<group>"; };
		05B0BCD614C60C9200980173 /* Makefile */ = {isa = PBXFileReference; fileEncoding = 4; lastKnownFileType = sourcecode.make; path = Makefile; sourceTree = "<group>"; };
		05B0BCD714C60C9200980173 /* README.md */ = {isa = PBXFileReference; fileEncoding = 4; lastKnownFileType = text; path = README.md; sourceTree = "<group>"; };
		05B0BCDA14C60C9200980173 /* NSString+ObjectiveCPP.h */ = {isa = PBXFileReference; fileEncoding = 4; lastKnownFileType = sourcecode.c.h; path = "NSString+ObjectiveCPP.h"; sourceTree = "<group>"; };
		05B0BCDB14C60C9200980173 /* NSString+ObjectiveCPP.mm */ = {isa = PBXFileReference; fileEncoding = 4; lastKnownFileType = sourcecode.cpp.objcpp; path = "NSString+ObjectiveCPP.mm"; sourceTree = "<group>"; };
		05B0BCDD14C60C9200980173 /* main.mm */ = {isa = PBXFileReference; fileEncoding = 4; lastKnownFileType = sourcecode.cpp.objcpp; path = main.mm; sourceTree = "<group>"; };
/* End PBXFileReference section */

/* Begin PBXGroup section */
		0517885414BDE37D00974841 = {
			isa = PBXGroup;
			children = (
				05B0BCD514C60C9200980173 /* LICENSE.md */,
				05B0BCD614C60C9200980173 /* Makefile */,
				05B0BCD714C60C9200980173 /* README.md */,
				05B0BCD814C60C9200980173 /* Source */,
			);
			sourceTree = "<group>";
		};
		05B0BCD814C60C9200980173 /* Source */ = {
			isa = PBXGroup;
			children = (
				05B0BCD914C60C9200980173 /* Categories */,
				05B0BCDC14C60C9200980173 /* Classes */,
				05B0BCDD14C60C9200980173 /* main.mm */,
			);
			path = Source;
			sourceTree = "<group>";
		};
		05B0BCD914C60C9200980173 /* Categories */ = {
			isa = PBXGroup;
			children = (
				05B0BCDA14C60C9200980173 /* NSString+ObjectiveCPP.h */,
				05B0BCDB14C60C9200980173 /* NSString+ObjectiveCPP.mm */,
			);
			path = Categories;
			sourceTree = "<group>";
		};
		05B0BCDC14C60C9200980173 /* Classes */ = {
			isa = PBXGroup;
			children = (
			);
			path = Classes;
			sourceTree = "<group>";
		};
/* End PBXGroup section */

/* Begin PBXLegacyTarget section */
		0517885B14BDE37D00974841 /* Objective-CPP */ = {
			isa = PBXLegacyTarget;
			buildArgumentsString = "$(ACTION)";
			buildConfigurationList = 0517885E14BDE37D00974841 /* Build configuration list for PBXLegacyTarget "Objective-CPP" */;
			buildPhases = (
			);
			buildToolPath = /usr/bin/make;
			dependencies = (
			);
			name = "Objective-CPP";
			passBuildSettingsInEnvironment = 1;
			productName = Notifications;
		};
/* End PBXLegacyTarget section */

/* Begin PBXProject section */
		0517885614BDE37D00974841 /* Project object */ = {
			isa = PBXProject;
			attributes = {
				LastUpgradeCheck = 0420;
				ORGANIZATIONNAME = DigiDNA;
			};
			buildConfigurationList = 0517885914BDE37D00974841 /* Build configuration list for PBXProject "Objective-CPP" */;
			compatibilityVersion = "Xcode 3.2";
			developmentRegion = English;
			hasScannedForEncodings = 0;
			knownRegions = (
				en,
			);
			mainGroup = 0517885414BDE37D00974841;
			projectDirPath = "";
			projectRoot = "";
			targets = (
				0517885B14BDE37D00974841 /* Objective-CPP */,
			);
		};
/* End PBXProject section */

/* Begin XCBuildConfiguration section */
		0517885C14BDE37D00974841 /* Debug */ = {
			isa = XCBuildConfiguration;
			buildSettings = {
				ALWAYS_SEARCH_USER_PATHS = NO;
				ARCHS = "$(ARCHS_STANDARD_64_BIT)";
				COPY_PHASE_STRIP = NO;
				GCC_C_LANGUAGE_STANDARD = gnu99;
				GCC_DYNAMIC_NO_PIC = NO;
				GCC_ENABLE_OBJC_EXCEPTIONS = YES;
				GCC_OPTIMIZATION_LEVEL = 0;
				GCC_PREPROCESSOR_DEFINITIONS = (
					"DEBUG=1",
					"$(inherited)",
				);
				GCC_SYMBOLS_PRIVATE_EXTERN = NO;
				GCC_VERSION = com.apple.compilers.llvm.clang.1_0;
				GCC_WARN_64_TO_32_BIT_CONVERSION = YES;
				GCC_WARN_ABOUT_MISSING_PROTOTYPES = YES;
				GCC_WARN_ABOUT_RETURN_TYPE = YES;
				GCC_WARN_UNUSED_VARIABLE = YES;
				MACOSX_DEPLOYMENT_TARGET = 10.7;
				ONLY_ACTIVE_ARCH = YES;
				SDKROOT = macosx;
			};
			name = Debug;
		};
		0517885D14BDE37D00974841 /* Release */ = {
			isa = XCBuildConfiguration;
			buildSettings = {
				ALWAYS_SEARCH_USER_PATHS = NO;
				ARCHS = "$(ARCHS_STANDARD_64_BIT)";
				COPY_PHASE_STRIP = YES;
				DEBUG_INFORMATION_FORMAT = "dwarf-with-dsym";
				GCC_C_LANGUAGE_STANDARD = gnu99;
				GCC_ENABLE_OBJC_EXCEPTIONS = YES;
				GCC_VERSION = com.apple.compilers.llvm.clang.1_0;
				GCC_WARN_64_TO_32_BIT_CONVERSION = YES;
				GCC_WARN_ABOUT_MISSING_PROTOTYPES = YES;
				GCC_WARN_ABOUT_RETURN_TYPE = YES;
				GCC_WARN_UNUSED_VARIABLE = YES;
				MACOSX_DEPLOYMENT_TARGET = 10.7;
				SDKROOT = macosx;
			};
			name = Release;
		};
		0517885F14BDE37D00974841 /* Debug */ = {
			isa = XCBuildConfiguration;
			buildSettings = {
				DEBUGGING_SYMBOLS = YES;
				GCC_GENERATE_DEBUGGING_SYMBOLS = YES;
				GCC_OPTIMIZATION_LEVEL = 0;
				OTHER_CFLAGS = "";
				OTHER_LDFLAGS = "";
				PRODUCT_NAME = "Objective-CPP";
			};
			name = Debug;
		};
		0517886014BDE37D00974841 /* Release */ = {
			isa = XCBuildConfiguration;
			buildSettings = {
				OTHER_CFLAGS = "";
				OTHER_LDFLAGS = "";
				PRODUCT_NAME = "Objective-CPP";
			};
			name = Release;
		};
/* End XCBuildConfiguration section */

/* Begin XCConfigurationList section */
		0517885914BDE37D00974841 /* Build configuration list for PBXProject "Objective-CPP" */ = {
			isa = XCConfigurationList;
			buildConfigurations = (
				0517885C14BDE37D00974841 /* Debug */,
				0517885D14BDE37D00974841 /* Release */,
			);
			defaultConfigurationIsVisible = 0;
			defaultConfigurationName = Release;
		};
		0517885E14BDE37D00974841 /* Build configuration list for PBXLegacyTarget "Objective-CPP" */ = {
			isa = XCConfigurationList;
			buildConfigurations = (
				0517885F14BDE37D00974841 /* Debug */,
				0517886014BDE37D00974841 /* Release */,
			);
			defaultConfigurationIsVisible = 0;
			defaultConfigurationName = Release;
		};
/* End XCConfigurationList section */
	};
	rootObject = 0517885614BDE37D00974841 /* Project object */;
}
